// !$*UTF8*$!
{
	archiveVersion = 1;
	classes = {
	};
	objectVersion = 55;
	objects = {

/* Begin PBXBuildFile section */
		C48AA70427A15F0700503DF9 /* AppDelegate.swift in Sources */ = {isa = PBXBuildFile; fileRef = C48AA70327A15F0700503DF9 /* AppDelegate.swift */; };
		C48AA70627A15F0700503DF9 /* SceneDelegate.swift in Sources */ = {isa = PBXBuildFile; fileRef = C48AA70527A15F0700503DF9 /* SceneDelegate.swift */; };
		C48AA70827A15F0700503DF9 /* AuthViewController.swift in Sources */ = {isa = PBXBuildFile; fileRef = C48AA70727A15F0700503DF9 /* AuthViewController.swift */; };
		C48AA70D27A15F0900503DF9 /* Assets.xcassets in Resources */ = {isa = PBXBuildFile; fileRef = C48AA70C27A15F0900503DF9 /* Assets.xcassets */; };
		C48AA71027A15F0900503DF9 /* LaunchScreen.storyboard in Resources */ = {isa = PBXBuildFile; fileRef = C48AA70E27A15F0900503DF9 /* LaunchScreen.storyboard */; };
		C4A6DBC927A16C88009D75FE /* UIButton + Extension.swift in Sources */ = {isa = PBXBuildFile; fileRef = C4A6DBC827A16C88009D75FE /* UIButton + Extension.swift */; };
		C4A6DBCB27A16F79009D75FE /* UIFont + Extension.swift in Sources */ = {isa = PBXBuildFile; fileRef = C4A6DBCA27A16F79009D75FE /* UIFont + Extension.swift */; };
		C4A6DBCD27A17070009D75FE /* UIColor + Extension.swift in Sources */ = {isa = PBXBuildFile; fileRef = C4A6DBCC27A17070009D75FE /* UIColor + Extension.swift */; };
		C4A6DBCF27A174C1009D75FE /* UILabel + Extension.swift in Sources */ = {isa = PBXBuildFile; fileRef = C4A6DBCE27A174C1009D75FE /* UILabel + Extension.swift */; };
		C4A6DBD127A175C2009D75FE /* UIImageView + Extension.swift in Sources */ = {isa = PBXBuildFile; fileRef = C4A6DBD027A175C2009D75FE /* UIImageView + Extension.swift */; };
		C4A6DBD527A178E6009D75FE /* ButtonFormView.swift in Sources */ = {isa = PBXBuildFile; fileRef = C4A6DBD427A178E6009D75FE /* ButtonFormView.swift */; };
		C4A6DBD927A17EA5009D75FE /* StackView + Extension.swift in Sources */ = {isa = PBXBuildFile; fileRef = C4A6DBD827A17EA5009D75FE /* StackView + Extension.swift */; };
		C4A6DBDB27A1C92C009D75FE /* SignUpViewController.swift in Sources */ = {isa = PBXBuildFile; fileRef = C4A6DBDA27A1C92C009D75FE /* SignUpViewController.swift */; };
		C4A6DBDD27A1CEB8009D75FE /* OneLineTextField.swift in Sources */ = {isa = PBXBuildFile; fileRef = C4A6DBDC27A1CEB8009D75FE /* OneLineTextField.swift */; };
		C4D3EB9927B3F9D300E79F0C /* MainTabBarController.swift in Sources */ = {isa = PBXBuildFile; fileRef = C4D3EB9827B3F9D300E79F0C /* MainTabBarController.swift */; };
		C4D3EB9B27B3FA3100E79F0C /* PeopleViewController.swift in Sources */ = {isa = PBXBuildFile; fileRef = C4D3EB9A27B3FA3100E79F0C /* PeopleViewController.swift */; };
		C4DA3B0927A2DB5A001F3E61 /* LoginViewController.swift in Sources */ = {isa = PBXBuildFile; fileRef = C4DA3B0827A2DB5A001F3E61 /* LoginViewController.swift */; };
		C4E21F0727B3E63D00CF503B /* SegmentedControl + Extension.swift in Sources */ = {isa = PBXBuildFile; fileRef = C4E21F0627B3E63D00CF503B /* SegmentedControl + Extension.swift */; };
		C4E21F0927B3F10100CF503B /* ListViewController.swift in Sources */ = {isa = PBXBuildFile; fileRef = C4E21F0827B3F10100CF503B /* ListViewController.swift */; };
		C4F18EDB27A41BD700FA556D /* SetupProfileViewController.swift in Sources */ = {isa = PBXBuildFile; fileRef = C4F18EDA27A41BD700FA556D /* SetupProfileViewController.swift */; };
		C4F18EDD27A41DE900FA556D /* AddPhotoView.swift in Sources */ = {isa = PBXBuildFile; fileRef = C4F18EDC27A41DE900FA556D /* AddPhotoView.swift */; };
/* End PBXBuildFile section */

/* Begin PBXFileReference section */
		C48AA70027A15F0700503DF9 /* iChatApp.app */ = {isa = PBXFileReference; explicitFileType = wrapper.application; includeInIndex = 0; path = iChatApp.app; sourceTree = BUILT_PRODUCTS_DIR; };
		C48AA70327A15F0700503DF9 /* AppDelegate.swift */ = {isa = PBXFileReference; lastKnownFileType = sourcecode.swift; path = AppDelegate.swift; sourceTree = "<group>"; };
		C48AA70527A15F0700503DF9 /* SceneDelegate.swift */ = {isa = PBXFileReference; lastKnownFileType = sourcecode.swift; path = SceneDelegate.swift; sourceTree = "<group>"; };
		C48AA70727A15F0700503DF9 /* AuthViewController.swift */ = {isa = PBXFileReference; lastKnownFileType = sourcecode.swift; path = AuthViewController.swift; sourceTree = "<group>"; };
		C48AA70C27A15F0900503DF9 /* Assets.xcassets */ = {isa = PBXFileReference; lastKnownFileType = folder.assetcatalog; path = Assets.xcassets; sourceTree = "<group>"; };
		C48AA70F27A15F0900503DF9 /* Base */ = {isa = PBXFileReference; lastKnownFileType = file.storyboard; name = Base; path = Base.lproj/LaunchScreen.storyboard; sourceTree = "<group>"; };
		C48AA71127A15F0900503DF9 /* Info.plist */ = {isa = PBXFileReference; lastKnownFileType = text.plist.xml; path = Info.plist; sourceTree = "<group>"; };
		C4A6DBC827A16C88009D75FE /* UIButton + Extension.swift */ = {isa = PBXFileReference; lastKnownFileType = sourcecode.swift; path = "UIButton + Extension.swift"; sourceTree = "<group>"; };
		C4A6DBCA27A16F79009D75FE /* UIFont + Extension.swift */ = {isa = PBXFileReference; lastKnownFileType = sourcecode.swift; path = "UIFont + Extension.swift"; sourceTree = "<group>"; };
		C4A6DBCC27A17070009D75FE /* UIColor + Extension.swift */ = {isa = PBXFileReference; lastKnownFileType = sourcecode.swift; path = "UIColor + Extension.swift"; sourceTree = "<group>"; };
		C4A6DBCE27A174C1009D75FE /* UILabel + Extension.swift */ = {isa = PBXFileReference; lastKnownFileType = sourcecode.swift; path = "UILabel + Extension.swift"; sourceTree = "<group>"; };
		C4A6DBD027A175C2009D75FE /* UIImageView + Extension.swift */ = {isa = PBXFileReference; lastKnownFileType = sourcecode.swift; path = "UIImageView + Extension.swift"; sourceTree = "<group>"; };
		C4A6DBD427A178E6009D75FE /* ButtonFormView.swift */ = {isa = PBXFileReference; lastKnownFileType = sourcecode.swift; path = ButtonFormView.swift; sourceTree = "<group>"; };
		C4A6DBD827A17EA5009D75FE /* StackView + Extension.swift */ = {isa = PBXFileReference; lastKnownFileType = sourcecode.swift; path = "StackView + Extension.swift"; sourceTree = "<group>"; };
		C4A6DBDA27A1C92C009D75FE /* SignUpViewController.swift */ = {isa = PBXFileReference; lastKnownFileType = sourcecode.swift; path = SignUpViewController.swift; sourceTree = "<group>"; };
		C4A6DBDC27A1CEB8009D75FE /* OneLineTextField.swift */ = {isa = PBXFileReference; lastKnownFileType = sourcecode.swift; path = OneLineTextField.swift; sourceTree = "<group>"; };
		C4D3EB9827B3F9D300E79F0C /* MainTabBarController.swift */ = {isa = PBXFileReference; lastKnownFileType = sourcecode.swift; path = MainTabBarController.swift; sourceTree = "<group>"; };
		C4D3EB9A27B3FA3100E79F0C /* PeopleViewController.swift */ = {isa = PBXFileReference; lastKnownFileType = sourcecode.swift; path = PeopleViewController.swift; sourceTree = "<group>"; };
		C4DA3B0827A2DB5A001F3E61 /* LoginViewController.swift */ = {isa = PBXFileReference; lastKnownFileType = sourcecode.swift; path = LoginViewController.swift; sourceTree = "<group>"; };
		C4E21F0627B3E63D00CF503B /* SegmentedControl + Extension.swift */ = {isa = PBXFileReference; lastKnownFileType = sourcecode.swift; path = "SegmentedControl + Extension.swift"; sourceTree = "<group>"; };
		C4E21F0827B3F10100CF503B /* ListViewController.swift */ = {isa = PBXFileReference; lastKnownFileType = sourcecode.swift; path = ListViewController.swift; sourceTree = "<group>"; };
		C4F18EDA27A41BD700FA556D /* SetupProfileViewController.swift */ = {isa = PBXFileReference; lastKnownFileType = sourcecode.swift; path = SetupProfileViewController.swift; sourceTree = "<group>"; };
		C4F18EDC27A41DE900FA556D /* AddPhotoView.swift */ = {isa = PBXFileReference; lastKnownFileType = sourcecode.swift; path = AddPhotoView.swift; sourceTree = "<group>"; };
/* End PBXFileReference section */

/* Begin PBXFrameworksBuildPhase section */
		C48AA6FD27A15F0700503DF9 /* Frameworks */ = {
			isa = PBXFrameworksBuildPhase;
			buildActionMask = 2147483647;
			files = (
			);
			runOnlyForDeploymentPostprocessing = 0;
		};
/* End PBXFrameworksBuildPhase section */

/* Begin PBXGroup section */
		C48AA6F727A15F0700503DF9 = {
			isa = PBXGroup;
			children = (
				C48AA70227A15F0700503DF9 /* iChatApp */,
				C48AA70127A15F0700503DF9 /* Products */,
			);
			sourceTree = "<group>";
		};
		C48AA70127A15F0700503DF9 /* Products */ = {
			isa = PBXGroup;
			children = (
				C48AA70027A15F0700503DF9 /* iChatApp.app */,
			);
			name = Products;
			sourceTree = "<group>";
		};
		C48AA70227A15F0700503DF9 /* iChatApp */ = {
			isa = PBXGroup;
			children = (
				C48AA70327A15F0700503DF9 /* AppDelegate.swift */,
				C48AA70527A15F0700503DF9 /* SceneDelegate.swift */,
				C4D3EB9727B3F99C00E79F0C /* Controllers */,
				C4D3EB9627B3F92C00E79F0C /* SignIn&Auth */,
				C4A6DBD327A17728009D75FE /* Extension */,
				C48AA70C27A15F0900503DF9 /* Assets.xcassets */,
				C48AA70E27A15F0900503DF9 /* LaunchScreen.storyboard */,
				C48AA71127A15F0900503DF9 /* Info.plist */,
			);
			path = iChatApp;
			sourceTree = "<group>";
		};
		C4A6DBD227A17721009D75FE /* UIKit */ = {
			isa = PBXGroup;
			children = (
				C4E21F0627B3E63D00CF503B /* SegmentedControl + Extension.swift */,
				C4A6DBCC27A17070009D75FE /* UIColor + Extension.swift */,
				C4A6DBC827A16C88009D75FE /* UIButton + Extension.swift */,
				C4A6DBD027A175C2009D75FE /* UIImageView + Extension.swift */,
				C4A6DBCE27A174C1009D75FE /* UILabel + Extension.swift */,
				C4A6DBCA27A16F79009D75FE /* UIFont + Extension.swift */,
				C4A6DBD827A17EA5009D75FE /* StackView + Extension.swift */,
			);
			path = UIKit;
			sourceTree = "<group>";
		};
		C4A6DBD327A17728009D75FE /* Extension */ = {
			isa = PBXGroup;
			children = (
				C4A6DBD427A178E6009D75FE /* ButtonFormView.swift */,
				C4F18EDC27A41DE900FA556D /* AddPhotoView.swift */,
				C4A6DBDC27A1CEB8009D75FE /* OneLineTextField.swift */,
				C4A6DBD227A17721009D75FE /* UIKit */,
			);
			path = Extension;
			sourceTree = "<group>";
		};
		C4D3EB9627B3F92C00E79F0C /* SignIn&Auth */ = {
			isa = PBXGroup;
			children = (
				C48AA70727A15F0700503DF9 /* AuthViewController.swift */,
				C4A6DBDA27A1C92C009D75FE /* SignUpViewController.swift */,
				C4DA3B0827A2DB5A001F3E61 /* LoginViewController.swift */,
				C4F18EDA27A41BD700FA556D /* SetupProfileViewController.swift */,
			);
			path = "SignIn&Auth";
			sourceTree = "<group>";
		};
		C4D3EB9727B3F99C00E79F0C /* Controllers */ = {
			isa = PBXGroup;
			children = (
				C4D3EB9827B3F9D300E79F0C /* MainTabBarController.swift */,
				C4E21F0827B3F10100CF503B /* ListViewController.swift */,
				C4D3EB9A27B3FA3100E79F0C /* PeopleViewController.swift */,
			);
			path = Controllers;
			sourceTree = "<group>";
		};
/* End PBXGroup section */

/* Begin PBXNativeTarget section */
		C48AA6FF27A15F0700503DF9 /* iChatApp */ = {
			isa = PBXNativeTarget;
			buildConfigurationList = C48AA71427A15F0900503DF9 /* Build configuration list for PBXNativeTarget "iChatApp" */;
			buildPhases = (
				C48AA6FC27A15F0700503DF9 /* Sources */,
				C48AA6FD27A15F0700503DF9 /* Frameworks */,
				C48AA6FE27A15F0700503DF9 /* Resources */,
			);
			buildRules = (
			);
			dependencies = (
			);
			name = iChatApp;
			productName = iChatApp;
			productReference = C48AA70027A15F0700503DF9 /* iChatApp.app */;
			productType = "com.apple.product-type.application";
		};
/* End PBXNativeTarget section */

/* Begin PBXProject section */
		C48AA6F827A15F0700503DF9 /* Project object */ = {
			isa = PBXProject;
			attributes = {
				BuildIndependentTargetsInParallel = 1;
				LastSwiftUpdateCheck = 1310;
				LastUpgradeCheck = 1310;
				TargetAttributes = {
					C48AA6FF27A15F0700503DF9 = {
						CreatedOnToolsVersion = 13.1;
					};
				};
			};
			buildConfigurationList = C48AA6FB27A15F0700503DF9 /* Build configuration list for PBXProject "iChatApp" */;
			compatibilityVersion = "Xcode 13.0";
			developmentRegion = en;
			hasScannedForEncodings = 0;
			knownRegions = (
				en,
				Base,
			);
			mainGroup = C48AA6F727A15F0700503DF9;
			productRefGroup = C48AA70127A15F0700503DF9 /* Products */;
			projectDirPath = "";
			projectRoot = "";
			targets = (
				C48AA6FF27A15F0700503DF9 /* iChatApp */,
			);
		};
/* End PBXProject section */

/* Begin PBXResourcesBuildPhase section */
		C48AA6FE27A15F0700503DF9 /* Resources */ = {
			isa = PBXResourcesBuildPhase;
			buildActionMask = 2147483647;
			files = (
				C48AA71027A15F0900503DF9 /* LaunchScreen.storyboard in Resources */,
				C48AA70D27A15F0900503DF9 /* Assets.xcassets in Resources */,
			);
			runOnlyForDeploymentPostprocessing = 0;
		};
/* End PBXResourcesBuildPhase section */

/* Begin PBXSourcesBuildPhase section */
		C48AA6FC27A15F0700503DF9 /* Sources */ = {
			isa = PBXSourcesBuildPhase;
			buildActionMask = 2147483647;
			files = (
				C4E21F0927B3F10100CF503B /* ListViewController.swift in Sources */,
				C4A6DBDD27A1CEB8009D75FE /* OneLineTextField.swift in Sources */,
				C4D3EB9927B3F9D300E79F0C /* MainTabBarController.swift in Sources */,
				C4A6DBDB27A1C92C009D75FE /* SignUpViewController.swift in Sources */,
				C4A6DBCB27A16F79009D75FE /* UIFont + Extension.swift in Sources */,
				C4D3EB9B27B3FA3100E79F0C /* PeopleViewController.swift in Sources */,
				C48AA70827A15F0700503DF9 /* AuthViewController.swift in Sources */,
				C4F18EDB27A41BD700FA556D /* SetupProfileViewController.swift in Sources */,
				C48AA70427A15F0700503DF9 /* AppDelegate.swift in Sources */,
				C4A6DBD527A178E6009D75FE /* ButtonFormView.swift in Sources */,
				C4F18EDD27A41DE900FA556D /* AddPhotoView.swift in Sources */,
				C4A6DBCF27A174C1009D75FE /* UILabel + Extension.swift in Sources */,
				C4A6DBD127A175C2009D75FE /* UIImageView + Extension.swift in Sources */,
				C4E21F0727B3E63D00CF503B /* SegmentedControl + Extension.swift in Sources */,
				C4A6DBCD27A17070009D75FE /* UIColor + Extension.swift in Sources */,
				C48AA70627A15F0700503DF9 /* SceneDelegate.swift in Sources */,
				C4A6DBC927A16C88009D75FE /* UIButton + Extension.swift in Sources */,
				C4DA3B0927A2DB5A001F3E61 /* LoginViewController.swift in Sources */,
				C4A6DBD927A17EA5009D75FE /* StackView + Extension.swift in Sources */,
			);
			runOnlyForDeploymentPostprocessing = 0;
		};
/* End PBXSourcesBuildPhase section */

/* Begin PBXVariantGroup section */
		C48AA70E27A15F0900503DF9 /* LaunchScreen.storyboard */ = {
			isa = PBXVariantGroup;
			children = (
				C48AA70F27A15F0900503DF9 /* Base */,
			);
			name = LaunchScreen.storyboard;
			sourceTree = "<group>";
		};
/* End PBXVariantGroup section */

/* Begin XCBuildConfiguration section */
		C48AA71227A15F0900503DF9 /* Debug */ = {
			isa = XCBuildConfiguration;
			buildSettings = {
				ALWAYS_SEARCH_USER_PATHS = NO;
				CLANG_ANALYZER_NONNULL = YES;
				CLANG_ANALYZER_NUMBER_OBJECT_CONVERSION = YES_AGGRESSIVE;
				CLANG_CXX_LANGUAGE_STANDARD = "gnu++17";
				CLANG_CXX_LIBRARY = "libc++";
				CLANG_ENABLE_MODULES = YES;
				CLANG_ENABLE_OBJC_ARC = YES;
				CLANG_ENABLE_OBJC_WEAK = YES;
				CLANG_WARN_BLOCK_CAPTURE_AUTORELEASING = YES;
				CLANG_WARN_BOOL_CONVERSION = YES;
				CLANG_WARN_COMMA = YES;
				CLANG_WARN_CONSTANT_CONVERSION = YES;
				CLANG_WARN_DEPRECATED_OBJC_IMPLEMENTATIONS = YES;
				CLANG_WARN_DIRECT_OBJC_ISA_USAGE = YES_ERROR;
				CLANG_WARN_DOCUMENTATION_COMMENTS = YES;
				CLANG_WARN_EMPTY_BODY = YES;
				CLANG_WARN_ENUM_CONVERSION = YES;
				CLANG_WARN_INFINITE_RECURSION = YES;
				CLANG_WARN_INT_CONVERSION = YES;
				CLANG_WARN_NON_LITERAL_NULL_CONVERSION = YES;
				CLANG_WARN_OBJC_IMPLICIT_RETAIN_SELF = YES;
				CLANG_WARN_OBJC_LITERAL_CONVERSION = YES;
				CLANG_WARN_OBJC_ROOT_CLASS = YES_ERROR;
				CLANG_WARN_QUOTED_INCLUDE_IN_FRAMEWORK_HEADER = YES;
				CLANG_WARN_RANGE_LOOP_ANALYSIS = YES;
				CLANG_WARN_STRICT_PROTOTYPES = YES;
				CLANG_WARN_SUSPICIOUS_MOVE = YES;
				CLANG_WARN_UNGUARDED_AVAILABILITY = YES_AGGRESSIVE;
				CLANG_WARN_UNREACHABLE_CODE = YES;
				CLANG_WARN__DUPLICATE_METHOD_MATCH = YES;
				COPY_PHASE_STRIP = NO;
				DEBUG_INFORMATION_FORMAT = dwarf;
				ENABLE_STRICT_OBJC_MSGSEND = YES;
				ENABLE_TESTABILITY = YES;
				GCC_C_LANGUAGE_STANDARD = gnu11;
				GCC_DYNAMIC_NO_PIC = NO;
				GCC_NO_COMMON_BLOCKS = YES;
				GCC_OPTIMIZATION_LEVEL = 0;
				GCC_PREPROCESSOR_DEFINITIONS = (
					"DEBUG=1",
					"$(inherited)",
				);
				GCC_WARN_64_TO_32_BIT_CONVERSION = YES;
				GCC_WARN_ABOUT_RETURN_TYPE = YES_ERROR;
				GCC_WARN_UNDECLARED_SELECTOR = YES;
				GCC_WARN_UNINITIALIZED_AUTOS = YES_AGGRESSIVE;
				GCC_WARN_UNUSED_FUNCTION = YES;
				GCC_WARN_UNUSED_VARIABLE = YES;
				IPHONEOS_DEPLOYMENT_TARGET = 15.0;
				MTL_ENABLE_DEBUG_INFO = INCLUDE_SOURCE;
				MTL_FAST_MATH = YES;
				ONLY_ACTIVE_ARCH = YES;
				SDKROOT = iphoneos;
				SWIFT_ACTIVE_COMPILATION_CONDITIONS = DEBUG;
				SWIFT_OPTIMIZATION_LEVEL = "-Onone";
			};
			name = Debug;
		};
		C48AA71327A15F0900503DF9 /* Release */ = {
			isa = XCBuildConfiguration;
			buildSettings = {
				ALWAYS_SEARCH_USER_PATHS = NO;
				CLANG_ANALYZER_NONNULL = YES;
				CLANG_ANALYZER_NUMBER_OBJECT_CONVERSION = YES_AGGRESSIVE;
				CLANG_CXX_LANGUAGE_STANDARD = "gnu++17";
				CLANG_CXX_LIBRARY = "libc++";
				CLANG_ENABLE_MODULES = YES;
				CLANG_ENABLE_OBJC_ARC = YES;
				CLANG_ENABLE_OBJC_WEAK = YES;
				CLANG_WARN_BLOCK_CAPTURE_AUTORELEASING = YES;
				CLANG_WARN_BOOL_CONVERSION = YES;
				CLANG_WARN_COMMA = YES;
				CLANG_WARN_CONSTANT_CONVERSION = YES;
				CLANG_WARN_DEPRECATED_OBJC_IMPLEMENTATIONS = YES;
				CLANG_WARN_DIRECT_OBJC_ISA_USAGE = YES_ERROR;
				CLANG_WARN_DOCUMENTATION_COMMENTS = YES;
				CLANG_WARN_EMPTY_BODY = YES;
				CLANG_WARN_ENUM_CONVERSION = YES;
				CLANG_WARN_INFINITE_RECURSION = YES;
				CLANG_WARN_INT_CONVERSION = YES;
				CLANG_WARN_NON_LITERAL_NULL_CONVERSION = YES;
				CLANG_WARN_OBJC_IMPLICIT_RETAIN_SELF = YES;
				CLANG_WARN_OBJC_LITERAL_CONVERSION = YES;
				CLANG_WARN_OBJC_ROOT_CLASS = YES_ERROR;
				CLANG_WARN_QUOTED_INCLUDE_IN_FRAMEWORK_HEADER = YES;
				CLANG_WARN_RANGE_LOOP_ANALYSIS = YES;
				CLANG_WARN_STRICT_PROTOTYPES = YES;
				CLANG_WARN_SUSPICIOUS_MOVE = YES;
				CLANG_WARN_UNGUARDED_AVAILABILITY = YES_AGGRESSIVE;
				CLANG_WARN_UNREACHABLE_CODE = YES;
				CLANG_WARN__DUPLICATE_METHOD_MATCH = YES;
				COPY_PHASE_STRIP = NO;
				DEBUG_INFORMATION_FORMAT = "dwarf-with-dsym";
				ENABLE_NS_ASSERTIONS = NO;
				ENABLE_STRICT_OBJC_MSGSEND = YES;
				GCC_C_LANGUAGE_STANDARD = gnu11;
				GCC_NO_COMMON_BLOCKS = YES;
				GCC_WARN_64_TO_32_BIT_CONVERSION = YES;
				GCC_WARN_ABOUT_RETURN_TYPE = YES_ERROR;
				GCC_WARN_UNDECLARED_SELECTOR = YES;
				GCC_WARN_UNINITIALIZED_AUTOS = YES_AGGRESSIVE;
				GCC_WARN_UNUSED_FUNCTION = YES;
				GCC_WARN_UNUSED_VARIABLE = YES;
				IPHONEOS_DEPLOYMENT_TARGET = 15.0;
				MTL_ENABLE_DEBUG_INFO = NO;
				MTL_FAST_MATH = YES;
				SDKROOT = iphoneos;
				SWIFT_COMPILATION_MODE = wholemodule;
				SWIFT_OPTIMIZATION_LEVEL = "-O";
				VALIDATE_PRODUCT = YES;
			};
			name = Release;
		};
		C48AA71527A15F0900503DF9 /* Debug */ = {
			isa = XCBuildConfiguration;
			buildSettings = {
				ASSETCATALOG_COMPILER_APPICON_NAME = AppIcon;
				ASSETCATALOG_COMPILER_GLOBAL_ACCENT_COLOR_NAME = AccentColor;
				CODE_SIGN_STYLE = Automatic;
				CURRENT_PROJECT_VERSION = 1;
				DEVELOPMENT_TEAM = 8Z8DH5LT2N;
				GENERATE_INFOPLIST_FILE = YES;
				INFOPLIST_FILE = iChatApp/Info.plist;
				INFOPLIST_KEY_CFBundleDisplayName = iChat;
				INFOPLIST_KEY_UIApplicationSupportsIndirectInputEvents = YES;
				INFOPLIST_KEY_UILaunchStoryboardName = LaunchScreen;
				INFOPLIST_KEY_UISupportedInterfaceOrientations_iPad = "UIInterfaceOrientationPortrait UIInterfaceOrientationPortraitUpsideDown UIInterfaceOrientationLandscapeLeft UIInterfaceOrientationLandscapeRight";
				INFOPLIST_KEY_UISupportedInterfaceOrientations_iPhone = "UIInterfaceOrientationPortrait UIInterfaceOrientationLandscapeLeft UIInterfaceOrientationLandscapeRight";
				LD_RUNPATH_SEARCH_PATHS = (
					"$(inherited)",
					"@executable_path/Frameworks",
				);
				MARKETING_VERSION = 1.0;
				PRODUCT_BUNDLE_IDENTIFIER = samchenko.iChatApp;
				PRODUCT_NAME = "$(TARGET_NAME)";
				SWIFT_EMIT_LOC_STRINGS = YES;
				SWIFT_VERSION = 5.0;
				TARGETED_DEVICE_FAMILY = "1,2";
			};
			name = Debug;
		};
		C48AA71627A15F0900503DF9 /* Release */ = {
			isa = XCBuildConfiguration;
			buildSettings = {
				ASSETCATALOG_COMPILER_APPICON_NAME = AppIcon;
				ASSETCATALOG_COMPILER_GLOBAL_ACCENT_COLOR_NAME = AccentColor;
				CODE_SIGN_STYLE = Automatic;
				CURRENT_PROJECT_VERSION = 1;
				DEVELOPMENT_TEAM = 8Z8DH5LT2N;
				GENERATE_INFOPLIST_FILE = YES;
				INFOPLIST_FILE = iChatApp/Info.plist;
				INFOPLIST_KEY_CFBundleDisplayName = iChat;
				INFOPLIST_KEY_UIApplicationSupportsIndirectInputEvents = YES;
				INFOPLIST_KEY_UILaunchStoryboardName = LaunchScreen;
				INFOPLIST_KEY_UISupportedInterfaceOrientations_iPad = "UIInterfaceOrientationPortrait UIInterfaceOrientationPortraitUpsideDown UIInterfaceOrientationLandscapeLeft UIInterfaceOrientationLandscapeRight";
				INFOPLIST_KEY_UISupportedInterfaceOrientations_iPhone = "UIInterfaceOrientationPortrait UIInterfaceOrientationLandscapeLeft UIInterfaceOrientationLandscapeRight";
				LD_RUNPATH_SEARCH_PATHS = (
					"$(inherited)",
					"@executable_path/Frameworks",
				);
				MARKETING_VERSION = 1.0;
				PRODUCT_BUNDLE_IDENTIFIER = samchenko.iChatApp;
				PRODUCT_NAME = "$(TARGET_NAME)";
				SWIFT_EMIT_LOC_STRINGS = YES;
				SWIFT_VERSION = 5.0;
				TARGETED_DEVICE_FAMILY = "1,2";
			};
			name = Release;
		};
/* End XCBuildConfiguration section */

/* Begin XCConfigurationList section */
		C48AA6FB27A15F0700503DF9 /* Build configuration list for PBXProject "iChatApp" */ = {
			isa = XCConfigurationList;
			buildConfigurations = (
				C48AA71227A15F0900503DF9 /* Debug */,
				C48AA71327A15F0900503DF9 /* Release */,
			);
			defaultConfigurationIsVisible = 0;
			defaultConfigurationName = Release;
		};
		C48AA71427A15F0900503DF9 /* Build configuration list for PBXNativeTarget "iChatApp" */ = {
			isa = XCConfigurationList;
			buildConfigurations = (
				C48AA71527A15F0900503DF9 /* Debug */,
				C48AA71627A15F0900503DF9 /* Release */,
			);
			defaultConfigurationIsVisible = 0;
			defaultConfigurationName = Release;
		};
/* End XCConfigurationList section */
	};
	rootObject = C48AA6F827A15F0700503DF9 /* Project object */;
}
